
Microsoft Visual Studio Solution File, Format Version 12.00
# Visual Studio Version 17
VisualStudioVersion = 17.4.33213.308
MinimumVisualStudioVersion = 10.0.40219.1
Project("{FAE04EC0-301F-11D3-BF4B-00C04F79EFBC}") = "demo", "demo\demo.csproj", "{D78E577A-04D3-43E1-97FC-F7D9C87E6A98}"
EndProject
Project("{FAE04EC0-301F-11D3-BF4B-00C04F79EFBC}") = "01. Smallest of Three Numbers", "01. Smallest of Three Numbers\01. Smallest of Three Numbers.csproj", "{15B450D4-FFF3-4EB4-AD75-03D8ECF726DD}"
EndProject
Project("{FAE04EC0-301F-11D3-BF4B-00C04F79EFBC}") = "02. Vowels Count", "02. Vowels Count\02. Vowels Count.csproj", "{01BE0BD6-15E3-43D0-BA05-77556F472174}"
EndProject
Project("{FAE04EC0-301F-11D3-BF4B-00C04F79EFBC}") = "03. Characters in Range", "03. Characters in Range\03. Characters in Range.csproj", "{AC27D003-00FE-4BFF-A946-41CB694BAB47}"
EndProject
Global
	GlobalSection(SolutionConfigurationPlatforms) = preSolution
		Debug|Any CPU = Debug|Any CPU
		Release|Any CPU = Release|Any CPU
	EndGlobalSection
	GlobalSection(ProjectConfigurationPlatforms) = postSolution
		{D78E577A-04D3-43E1-97FC-F7D9C87E6A98}.Debug|Any CPU.ActiveCfg = Debug|Any CPU
		{D78E577A-04D3-43E1-97FC-F7D9C87E6A98}.Debug|Any CPU.Build.0 = Debug|Any CPU
		{D78E577A-04D3-43E1-97FC-F7D9C87E6A98}.Release|Any CPU.ActiveCfg = Release|Any CPU
		{D78E577A-04D3-43E1-97FC-F7D9C87E6A98}.Release|Any CPU.Build.0 = Release|Any CPU
		{15B450D4-FFF3-4EB4-AD75-03D8ECF726DD}.Debug|Any CPU.ActiveCfg = Debug|Any CPU
		{15B450D4-FFF3-4EB4-AD75-03D8ECF726DD}.Debug|Any CPU.Build.0 = Debug|Any CPU
		{15B450D4-FFF3-4EB4-AD75-03D8ECF726DD}.Release|Any CPU.ActiveCfg = Release|Any CPU
		{15B450D4-FFF3-4EB4-AD75-03D8ECF726DD}.Release|Any CPU.Build.0 = Release|Any CPU
		{01BE0BD6-15E3-43D0-BA05-77556F472174}.Debug|Any CPU.ActiveCfg = Debug|Any CPU
		{01BE0BD6-15E3-43D0-BA05-77556F472174}.Debug|Any CPU.Build.0 = Debug|Any CPU
		{01BE0BD6-15E3-43D0-BA05-77556F472174}.Release|Any CPU.ActiveCfg = Release|Any CPU
		{01BE0BD6-15E3-43D0-BA05-77556F472174}.Release|Any CPU.Build.0 = Release|Any CPU
		{AC27D003-00FE-4BFF-A946-41CB694BAB47}.Debug|Any CPU.ActiveCfg = Debug|Any CPU
		{AC27D003-00FE-4BFF-A946-41CB694BAB47}.Debug|Any CPU.Build.0 = Debug|Any CPU
		{AC27D003-00FE-4BFF-A946-41CB694BAB47}.Release|Any CPU.ActiveCfg = Release|Any CPU
		{AC27D003-00FE-4BFF-A946-41CB694BAB47}.Release|Any CPU.Build.0 = Release|Any CPU
	EndGlobalSection
	GlobalSection(SolutionProperties) = preSolution
		HideSolutionNode = FALSE
	EndGlobalSection
	GlobalSection(ExtensibilityGlobals) = postSolution
		SolutionGuid = {E2A403D4-D67C-4BD0-9883-EE46A6B67858}
	EndGlobalSection
EndGlobal
